
Microsoft Visual Studio Solution File, Format Version 12.00
# Visual Studio Version 17
VisualStudioVersion = 17.2.32519.379
MinimumVisualStudioVersion = 10.0.40219.1
Project("{8BC9CEB8-8B4A-11D0-8D11-00A0C91BC942}") = "JObjectPool", "JObjectPool\JObjectPool.vcxproj", "{B676736B-7934-4915-8068-0BCD4C098823}"
EndProject
Global
	GlobalSection(SolutionConfigurationPlatforms) = preSolution
		Debug|x64 = Debug|x64
		Debug|x86 = Debug|x86
		Release|x64 = Release|x64
		Release|x86 = Release|x86
	EndGlobalSection
	GlobalSection(ProjectConfigurationPlatforms) = postSolution
		{B676736B-7934-4915-8068-0BCD4C098823}.Debug|x64.ActiveCfg = Debug|x64
		{B676736B-7934-4915-8068-0BCD4C098823}.Debug|x64.Build.0 = Debug|x64
		{B676736B-7934-4915-8068-0BCD4C098823}.Debug|x86.ActiveCfg = Debug|Win32
		{B676736B-7934-4915-8068-0BCD4C098823}.Debug|x86.Build.0 = Debug|Win32
		{B676736B-7934-4915-8068-0BCD4C098823}.Release|x64.ActiveCfg = Release|x64
		{B676736B-7934-4915-8068-0BCD4C098823}.Release|x64.Build.0 = Release|x64
		{B676736B-7934-4915-8068-0BCD4C098823}.Release|x86.ActiveCfg = Release|Win32
		{B676736B-7934-4915-8068-0BCD4C098823}.Release|x86.Build.0 = Release|Win32
	EndGlobalSection
	GlobalSection(SolutionProperties) = preSolution
		HideSolutionNode = FALSE
	EndGlobalSection
	GlobalSection(ExtensibilityGlobals) = postSolution
		SolutionGuid = {6138B2BC-2E8B-4A1D-9431-509C4E258123}
	EndGlobalSection
EndGlobal
